
Microsoft Visual Studio Solution File, Format Version 12.00
# Visual Studio Version 17
VisualStudioVersion = 17.9.34607.119
MinimumVisualStudioVersion = 10.0.40219.1
<<<<<<< HEAD
Project("{FAE04EC0-301F-11D3-BF4B-00C04F79EFBC}") = "DatingApp.Backend", "DatingApp.Backend\DatingApp.Backend.csproj", "{1C19E4D0-EF00-405F-8162-6CC5D2C9D2A8}"
=======
Project("{54A90642-561A-4BB1-A94E-469ADEE60C69}") = "DatingApp.UI", "DatingApp.UI\DatingApp.UI.esproj", "{4C8172D4-157D-4FF8-8CA5-1C0F52EA4D04}"
>>>>>>> 8668532 (Add project files.)
EndProject
Global
	GlobalSection(SolutionConfigurationPlatforms) = preSolution
		Debug|Any CPU = Debug|Any CPU
		Release|Any CPU = Release|Any CPU
	EndGlobalSection
	GlobalSection(ProjectConfigurationPlatforms) = postSolution
<<<<<<< HEAD
		{1C19E4D0-EF00-405F-8162-6CC5D2C9D2A8}.Debug|Any CPU.ActiveCfg = Debug|Any CPU
		{1C19E4D0-EF00-405F-8162-6CC5D2C9D2A8}.Debug|Any CPU.Build.0 = Debug|Any CPU
		{1C19E4D0-EF00-405F-8162-6CC5D2C9D2A8}.Release|Any CPU.ActiveCfg = Release|Any CPU
		{1C19E4D0-EF00-405F-8162-6CC5D2C9D2A8}.Release|Any CPU.Build.0 = Release|Any CPU
=======
		{4C8172D4-157D-4FF8-8CA5-1C0F52EA4D04}.Debug|Any CPU.ActiveCfg = Debug|Any CPU
		{4C8172D4-157D-4FF8-8CA5-1C0F52EA4D04}.Debug|Any CPU.Build.0 = Debug|Any CPU
		{4C8172D4-157D-4FF8-8CA5-1C0F52EA4D04}.Debug|Any CPU.Deploy.0 = Debug|Any CPU
		{4C8172D4-157D-4FF8-8CA5-1C0F52EA4D04}.Release|Any CPU.ActiveCfg = Release|Any CPU
		{4C8172D4-157D-4FF8-8CA5-1C0F52EA4D04}.Release|Any CPU.Build.0 = Release|Any CPU
		{4C8172D4-157D-4FF8-8CA5-1C0F52EA4D04}.Release|Any CPU.Deploy.0 = Release|Any CPU
>>>>>>> 8668532 (Add project files.)
	EndGlobalSection
	GlobalSection(SolutionProperties) = preSolution
		HideSolutionNode = FALSE
	EndGlobalSection
	GlobalSection(ExtensibilityGlobals) = postSolution
<<<<<<< HEAD
		SolutionGuid = {0A1D27DE-BE51-4771-8FEA-17386E43793E}
=======
		SolutionGuid = {CBFEB243-8A51-434F-8E40-3643EB9CDF72}
>>>>>>> 8668532 (Add project files.)
	EndGlobalSection
EndGlobal
